
Microsoft Visual Studio Solution File, Format Version 12.00
# Visual Studio 15
VisualStudioVersion = 15.0.28307.421
MinimumVisualStudioVersion = 10.0.40219.1
Project("{FAE04EC0-301F-11D3-BF4B-00C04F79EFBC}") = "FaveTunes", "FaveTunes\FaveTunes.csproj", "{46078A1B-CA3C-41A2-AF9A-4F8F1E6AA388}"
EndProject
Project("{FAE04EC0-301F-11D3-BF4B-00C04F79EFBC}") = "FaveTunes.Tests", "FaveTunes.Tests\FaveTunes.Tests.csproj", "{741E0DB2-8A99-4D7A-AB15-8D66FC8931C0}"
EndProject
Global
	GlobalSection(SolutionConfigurationPlatforms) = preSolution
		Debug|Any CPU = Debug|Any CPU
		Release|Any CPU = Release|Any CPU
	EndGlobalSection
	GlobalSection(ProjectConfigurationPlatforms) = postSolution
		{46078A1B-CA3C-41A2-AF9A-4F8F1E6AA388}.Debug|Any CPU.ActiveCfg = Debug|Any CPU
		{46078A1B-CA3C-41A2-AF9A-4F8F1E6AA388}.Debug|Any CPU.Build.0 = Debug|Any CPU
		{46078A1B-CA3C-41A2-AF9A-4F8F1E6AA388}.Release|Any CPU.ActiveCfg = Release|Any CPU
		{46078A1B-CA3C-41A2-AF9A-4F8F1E6AA388}.Release|Any CPU.Build.0 = Release|Any CPU
		{741E0DB2-8A99-4D7A-AB15-8D66FC8931C0}.Debug|Any CPU.ActiveCfg = Debug|Any CPU
		{741E0DB2-8A99-4D7A-AB15-8D66FC8931C0}.Debug|Any CPU.Build.0 = Debug|Any CPU
		{741E0DB2-8A99-4D7A-AB15-8D66FC8931C0}.Release|Any CPU.ActiveCfg = Release|Any CPU
		{741E0DB2-8A99-4D7A-AB15-8D66FC8931C0}.Release|Any CPU.Build.0 = Release|Any CPU
	EndGlobalSection
	GlobalSection(SolutionProperties) = preSolution
		HideSolutionNode = FALSE
	EndGlobalSection
	GlobalSection(ExtensibilityGlobals) = postSolution
		SolutionGuid = {F160BF35-5ECB-44A1-8FA1-D53941D25E72}
	EndGlobalSection
EndGlobal
